
Microsoft Visual Studio Solution File, Format Version 12.00
# Visual Studio Version 16
VisualStudioVersion = 16.0.29102.190
MinimumVisualStudioVersion = 10.0.40219.1
Project("{FAE04EC0-301F-11D3-BF4B-00C04F79EFBC}") = "ArraysProject", "ArraysProject\ArraysProject.csproj", "{F6A5D0A2-12CA-4CFF-BF7E-AA4D075E05F2}"
EndProject
Global
	GlobalSection(SolutionConfigurationPlatforms) = preSolution
		Debug|Any CPU = Debug|Any CPU
		Release|Any CPU = Release|Any CPU
	EndGlobalSection
	GlobalSection(ProjectConfigurationPlatforms) = postSolution
		{F6A5D0A2-12CA-4CFF-BF7E-AA4D075E05F2}.Debug|Any CPU.ActiveCfg = Debug|Any CPU
		{F6A5D0A2-12CA-4CFF-BF7E-AA4D075E05F2}.Debug|Any CPU.Build.0 = Debug|Any CPU
		{F6A5D0A2-12CA-4CFF-BF7E-AA4D075E05F2}.Release|Any CPU.ActiveCfg = Release|Any CPU
		{F6A5D0A2-12CA-4CFF-BF7E-AA4D075E05F2}.Release|Any CPU.Build.0 = Release|Any CPU
	EndGlobalSection
	GlobalSection(SolutionProperties) = preSolution
		HideSolutionNode = FALSE
	EndGlobalSection
	GlobalSection(ExtensibilityGlobals) = postSolution
		SolutionGuid = {393BC34A-EBF2-4324-B612-DDD0E45BD870}
	EndGlobalSection
EndGlobal
